
Microsoft Visual Studio Solution File, Format Version 12.00
# Visual Studio 15
VisualStudioVersion = 15.0.28307.705
MinimumVisualStudioVersion = 10.0.40219.1
Project("{FAE04EC0-301F-11D3-BF4B-00C04F79EFBC}") = "KiemTra", "KiemTra\KiemTra.csproj", "{A79D26DE-CE0C-45C5-B734-D84CB89F3A87}"
EndProject
Project("{FAE04EC0-301F-11D3-BF4B-00C04F79EFBC}") = "De_thi_QLSV", "..\De_thi_QLSV\De_thi_QLSV\De_thi_QLSV.csproj", "{A795DFFD-99F7-4B0E-B156-44122C00A553}"
EndProject
Global
	GlobalSection(SolutionConfigurationPlatforms) = preSolution
		Debug|Any CPU = Debug|Any CPU
		Release|Any CPU = Release|Any CPU
	EndGlobalSection
	GlobalSection(ProjectConfigurationPlatforms) = postSolution
		{A79D26DE-CE0C-45C5-B734-D84CB89F3A87}.Debug|Any CPU.ActiveCfg = Debug|Any CPU
		{A79D26DE-CE0C-45C5-B734-D84CB89F3A87}.Debug|Any CPU.Build.0 = Debug|Any CPU
		{A79D26DE-CE0C-45C5-B734-D84CB89F3A87}.Release|Any CPU.ActiveCfg = Release|Any CPU
		{A79D26DE-CE0C-45C5-B734-D84CB89F3A87}.Release|Any CPU.Build.0 = Release|Any CPU
		{A795DFFD-99F7-4B0E-B156-44122C00A553}.Debug|Any CPU.ActiveCfg = Debug|Any CPU
		{A795DFFD-99F7-4B0E-B156-44122C00A553}.Debug|Any CPU.Build.0 = Debug|Any CPU
		{A795DFFD-99F7-4B0E-B156-44122C00A553}.Release|Any CPU.ActiveCfg = Release|Any CPU
		{A795DFFD-99F7-4B0E-B156-44122C00A553}.Release|Any CPU.Build.0 = Release|Any CPU
	EndGlobalSection
	GlobalSection(SolutionProperties) = preSolution
		HideSolutionNode = FALSE
	EndGlobalSection
	GlobalSection(ExtensibilityGlobals) = postSolution
		SolutionGuid = {0708BCD3-7FB3-48FE-B15F-0406FF8734A7}
	EndGlobalSection
EndGlobal
